PODS:
  - GoogleMaps (3.3.0):
    - GoogleMaps/Maps (= 3.3.0)
  - GoogleMaps/Base (3.3.0)
  - GoogleMaps/Maps (3.3.0):
    - GoogleMaps/Base
  - GooglePlaces (3.3.0):
    - GoogleMaps/Base (= 3.3.0)
  - IQKeyboardManagerSwift (6.4.1)
  - MBCircularProgressBar (0.3.5)
  - SideMenuController (0.2.4)

DEPENDENCIES:
  - GoogleMaps
  - GooglePlaces
  - IQKeyboardManagerSwift
  - MBCircularProgressBar
  - SideMenuController

SPEC REPOS:
  https://github.com/cocoapods/specs.git:
    - GoogleMaps
    - GooglePlaces
    - IQKeyboardManagerSwift
    - MBCircularProgressBar
    - SideMenuController

SPEC CHECKSUMS:
  GoogleMaps: cfee83da305b9aaeccf92c24ac79df11c3003492
  GooglePlaces: 1e2a87bd9efee9623ee65d44ecc35ebfecd7b13c
  IQKeyboardManagerSwift: d2df660d0b8d64a15cb2537c9ff303213fa515b2
  MBCircularProgressBar: 0b795b722a5eb5b0923822f90474e2576a1a7855
  SideMenuController: b463d2b3aa58e2afe57f57a07938fa9a647894ca

PODFILE CHECKSUM: 47e2398a697c43e47b09c95ec50129557a506fb2

COCOAPODS: 1.6.1
