// !$*UTF8*$!
{
	archiveVersion = 1;
	classes = {
	};
	objectVersion = 50;
	objects = {

/* Begin PBXBuildFile section */
		FA1150C52316838400D0B1FE /* AppDelegate.swift in Sources */ = {isa = PBXBuildFile; fileRef = FA1150C42316838400D0B1FE /* AppDelegate.swift */; };
		FA1150C72316838400D0B1FE /* ViewController.swift in Sources */ = {isa = PBXBuildFile; fileRef = FA1150C62316838400D0B1FE /* ViewController.swift */; };
		FA1150CA2316838400D0B1FE /* Main.storyboard in Resources */ = {isa = PBXBuildFile; fileRef = FA1150C82316838400D0B1FE /* Main.storyboard */; };
		FA1150CC2316838500D0B1FE /* Assets.xcassets in Resources */ = {isa = PBXBuildFile; fileRef = FA1150CB2316838500D0B1FE /* Assets.xcassets */; };
		FA1150CF2316838500D0B1FE /* LaunchScreen.storyboard in Resources */ = {isa = PBXBuildFile; fileRef = FA1150CD2316838500D0B1FE /* LaunchScreen.storyboard */; };
		FA1150DA2316838500D0B1FE /* PeerParkingTests.swift in Sources */ = {isa = PBXBuildFile; fileRef = FA1150D92316838500D0B1FE /* PeerParkingTests.swift */; };
		FA1150E52316838500D0B1FE /* PeerParkingUITests.swift in Sources */ = {isa = PBXBuildFile; fileRef = FA1150E42316838500D0B1FE /* PeerParkingUITests.swift */; };
/* End PBXBuildFile section */

/* Begin PBXContainerItemProxy section */
		FA1150D62316838500D0B1FE /* PBXContainerItemProxy */ = {
			isa = PBXContainerItemProxy;
			containerPortal = FA1150B92316838400D0B1FE /* Project object */;
			proxyType = 1;
			remoteGlobalIDString = FA1150C02316838400D0B1FE;
			remoteInfo = PeerParking;
		};
		FA1150E12316838500D0B1FE /* PBXContainerItemProxy */ = {
			isa = PBXContainerItemProxy;
			containerPortal = FA1150B92316838400D0B1FE /* Project object */;
			proxyType = 1;
			remoteGlobalIDString = FA1150C02316838400D0B1FE;
			remoteInfo = PeerParking;
		};
/* End PBXContainerItemProxy section */

/* Begin PBXFileReference section */
		FA1150C12316838400D0B1FE /* PeerParking.app */ = {isa = PBXFileReference; explicitFileType = wrapper.application; includeInIndex = 0; path = PeerParking.app; sourceTree = BUILT_PRODUCTS_DIR; };
		FA1150C42316838400D0B1FE /* AppDelegate.swift */ = {isa = PBXFileReference; lastKnownFileType = sourcecode.swift; path = AppDelegate.swift; sourceTree = "<group>"; };
		FA1150C62316838400D0B1FE /* ViewController.swift */ = {isa = PBXFileReference; lastKnownFileType = sourcecode.swift; path = ViewController.swift; sourceTree = "<group>"; };
		FA1150C92316838400D0B1FE /* Base */ = {isa = PBXFileReference; lastKnownFileType = file.storyboard; name = Base; path = Base.lproj/Main.storyboard; sourceTree = "<group>"; };
		FA1150CB2316838500D0B1FE /* Assets.xcassets */ = {isa = PBXFileReference; lastKnownFileType = folder.assetcatalog; path = Assets.xcassets; sourceTree = "<group>"; };
		FA1150CE2316838500D0B1FE /* Base */ = {isa = PBXFileReference; lastKnownFileType = file.storyboard; name = Base; path = Base.lproj/LaunchScreen.storyboard; sourceTree = "<group>"; };
		FA1150D02316838500D0B1FE /* Info.plist */ = {isa = PBXFileReference; lastKnownFileType = text.plist.xml; path = Info.plist; sourceTree = "<group>"; };
		FA1150D52316838500D0B1FE /* PeerParkingTests.xctest */ = {isa = PBXFileReference; explicitFileType = wrapper.cfbundle; includeInIndex = 0; path = PeerParkingTests.xctest; sourceTree = BUILT_PRODUCTS_DIR; };
		FA1150D92316838500D0B1FE /* PeerParkingTests.swift */ = {isa = PBXFileReference; lastKnownFileType = sourcecode.swift; path = PeerParkingTests.swift; sourceTree = "<group>"; };
		FA1150DB2316838500D0B1FE /* Info.plist */ = {isa = PBXFileReference; lastKnownFileType = text.plist.xml; path = Info.plist; sourceTree = "<group>"; };
		FA1150E02316838500D0B1FE /* PeerParkingUITests.xctest */ = {isa = PBXFileReference; explicitFileType = wrapper.cfbundle; includeInIndex = 0; path = PeerParkingUITests.xctest; sourceTree = BUILT_PRODUCTS_DIR; };
		FA1150E42316838500D0B1FE /* PeerParkingUITests.swift */ = {isa = PBXFileReference; lastKnownFileType = sourcecode.swift; path = PeerParkingUITests.swift; sourceTree = "<group>"; };
		FA1150E62316838500D0B1FE /* Info.plist */ = {isa = PBXFileReference; lastKnownFileType = text.plist.xml; path = Info.plist; sourceTree = "<group>"; };
/* End PBXFileReference section */

/* Begin PBXFrameworksBuildPhase section */
		FA1150BE2316838400D0B1FE /* Frameworks */ = {
			isa = PBXFrameworksBuildPhase;
			buildActionMask = 2147483647;
			files = (
			);
			runOnlyForDeploymentPostprocessing = 0;
		};
		FA1150D22316838500D0B1FE /* Frameworks */ = {
			isa = PBXFrameworksBuildPhase;
			buildActionMask = 2147483647;
			files = (
			);
			runOnlyForDeploymentPostprocessing = 0;
		};
		FA1150DD2316838500D0B1FE /* Frameworks */ = {
			isa = PBXFrameworksBuildPhase;
			buildActionMask = 2147483647;
			files = (
			);
			runOnlyForDeploymentPostprocessing = 0;
		};
/* End PBXFrameworksBuildPhase section */

/* Begin PBXGroup section */
		FA1150B82316838400D0B1FE = {
			isa = PBXGroup;
			children = (
				FA1150C32316838400D0B1FE /* PeerParking */,
				FA1150D82316838500D0B1FE /* PeerParkingTests */,
				FA1150E32316838500D0B1FE /* PeerParkingUITests */,
				FA1150C22316838400D0B1FE /* Products */,
			);
			sourceTree = "<group>";
		};
		FA1150C22316838400D0B1FE /* Products */ = {
			isa = PBXGroup;
			children = (
				FA1150C12316838400D0B1FE /* PeerParking.app */,
				FA1150D52316838500D0B1FE /* PeerParkingTests.xctest */,
				FA1150E02316838500D0B1FE /* PeerParkingUITests.xctest */,
			);
			name = Products;
			sourceTree = "<group>";
		};
		FA1150C32316838400D0B1FE /* PeerParking */ = {
			isa = PBXGroup;
			children = (
				FA1150C42316838400D0B1FE /* AppDelegate.swift */,
				FA1150C62316838400D0B1FE /* ViewController.swift */,
				FA1150C82316838400D0B1FE /* Main.storyboard */,
				FA1150CB2316838500D0B1FE /* Assets.xcassets */,
				FA1150CD2316838500D0B1FE /* LaunchScreen.storyboard */,
				FA1150D02316838500D0B1FE /* Info.plist */,
			);
			path = PeerParking;
			sourceTree = "<group>";
		};
		FA1150D82316838500D0B1FE /* PeerParkingTests */ = {
			isa = PBXGroup;
			children = (
				FA1150D92316838500D0B1FE /* PeerParkingTests.swift */,
				FA1150DB2316838500D0B1FE /* Info.plist */,
			);
			path = PeerParkingTests;
			sourceTree = "<group>";
		};
		FA1150E32316838500D0B1FE /* PeerParkingUITests */ = {
			isa = PBXGroup;
			children = (
				FA1150E42316838500D0B1FE /* PeerParkingUITests.swift */,
				FA1150E62316838500D0B1FE /* Info.plist */,
			);
			path = PeerParkingUITests;
			sourceTree = "<group>";
		};
/* End PBXGroup section */

/* Begin PBXNativeTarget section */
		FA1150C02316838400D0B1FE /* PeerParking */ = {
			isa = PBXNativeTarget;
			buildConfigurationList = FA1150E92316838500D0B1FE /* Build configuration list for PBXNativeTarget "PeerParking" */;
			buildPhases = (
				FA1150BD2316838400D0B1FE /* Sources */,
				FA1150BE2316838400D0B1FE /* Frameworks */,
				FA1150BF2316838400D0B1FE /* Resources */,
			);
			buildRules = (
			);
			dependencies = (
			);
			name = PeerParking;
			productName = PeerParking;
			productReference = FA1150C12316838400D0B1FE /* PeerParking.app */;
			productType = "com.apple.product-type.application";
		};
		FA1150D42316838500D0B1FE /* PeerParkingTests */ = {
			isa = PBXNativeTarget;
			buildConfigurationList = FA1150EC2316838500D0B1FE /* Build configuration list for PBXNativeTarget "PeerParkingTests" */;
			buildPhases = (
				FA1150D12316838500D0B1FE /* Sources */,
				FA1150D22316838500D0B1FE /* Frameworks */,
				FA1150D32316838500D0B1FE /* Resources */,
			);
			buildRules = (
			);
			dependencies = (
				FA1150D72316838500D0B1FE /* PBXTargetDependency */,
			);
			name = PeerParkingTests;
			productName = PeerParkingTests;
			productReference = FA1150D52316838500D0B1FE /* PeerParkingTests.xctest */;
			productType = "com.apple.product-type.bundle.unit-test";
		};
		FA1150DF2316838500D0B1FE /* PeerParkingUITests */ = {
			isa = PBXNativeTarget;
			buildConfigurationList = FA1150EF2316838500D0B1FE /* Build configuration list for PBXNativeTarget "PeerParkingUITests" */;
			buildPhases = (
				FA1150DC2316838500D0B1FE /* Sources */,
				FA1150DD2316838500D0B1FE /* Frameworks */,
				FA1150DE2316838500D0B1FE /* Resources */,
			);
			buildRules = (
			);
			dependencies = (
				FA1150E22316838500D0B1FE /* PBXTargetDependency */,
			);
			name = PeerParkingUITests;
			productName = PeerParkingUITests;
			productReference = FA1150E02316838500D0B1FE /* PeerParkingUITests.xctest */;
			productType = "com.apple.product-type.bundle.ui-testing";
		};
/* End PBXNativeTarget section */

/* Begin PBXProject section */
		FA1150B92316838400D0B1FE /* Project object */ = {
			isa = PBXProject;
			attributes = {
				LastSwiftUpdateCheck = 1020;
				LastUpgradeCheck = 1020;
				ORGANIZATIONNAME = "Munzareen Atique";
				TargetAttributes = {
					FA1150C02316838400D0B1FE = {
						CreatedOnToolsVersion = 10.2;
					};
					FA1150D42316838500D0B1FE = {
						CreatedOnToolsVersion = 10.2;
						TestTargetID = FA1150C02316838400D0B1FE;
					};
					FA1150DF2316838500D0B1FE = {
						CreatedOnToolsVersion = 10.2;
						TestTargetID = FA1150C02316838400D0B1FE;
					};
				};
			};
			buildConfigurationList = FA1150BC2316838400D0B1FE /* Build configuration list for PBXProject "PeerParking" */;
			compatibilityVersion = "Xcode 9.3";
			developmentRegion = en;
			hasScannedForEncodings = 0;
			knownRegions = (
				en,
				Base,
			);
			mainGroup = FA1150B82316838400D0B1FE;
			productRefGroup = FA1150C22316838400D0B1FE /* Products */;
			projectDirPath = "";
			projectRoot = "";
			targets = (
				FA1150C02316838400D0B1FE /* PeerParking */,
				FA1150D42316838500D0B1FE /* PeerParkingTests */,
				FA1150DF2316838500D0B1FE /* PeerParkingUITests */,
			);
		};
/* End PBXProject section */

/* Begin PBXResourcesBuildPhase section */
		FA1150BF2316838400D0B1FE /* Resources */ = {
			isa = PBXResourcesBuildPhase;
			buildActionMask = 2147483647;
			files = (
				FA1150CF2316838500D0B1FE /* LaunchScreen.storyboard in Resources */,
				FA1150CC2316838500D0B1FE /* Assets.xcassets in Resources */,
				FA1150CA2316838400D0B1FE /* Main.storyboard in Resources */,
			);
			runOnlyForDeploymentPostprocessing = 0;
		};
		FA1150D32316838500D0B1FE /* Resources */ = {
			isa = PBXResourcesBuildPhase;
			buildActionMask = 2147483647;
			files = (
			);
			runOnlyForDeploymentPostprocessing = 0;
		};
		FA1150DE2316838500D0B1FE /* Resources */ = {
			isa = PBXResourcesBuildPhase;
			buildActionMask = 2147483647;
			files = (
			);
			runOnlyForDeploymentPostprocessing = 0;
		};
/* End PBXResourcesBuildPhase section */

/* Begin PBXSourcesBuildPhase section */
		FA1150BD2316838400D0B1FE /* Sources */ = {
			isa = PBXSourcesBuildPhase;
			buildActionMask = 2147483647;
			files = (
				FA1150C72316838400D0B1FE /* ViewController.swift in Sources */,
				FA1150C52316838400D0B1FE /* AppDelegate.swift in Sources */,
			);
			runOnlyForDeploymentPostprocessing = 0;
		};
		FA1150D12316838500D0B1FE /* Sources */ = {
			isa = PBXSourcesBuildPhase;
			buildActionMask = 2147483647;
			files = (
				FA1150DA2316838500D0B1FE /* PeerParkingTests.swift in Sources */,
			);
			runOnlyForDeploymentPostprocessing = 0;
		};
		FA1150DC2316838500D0B1FE /* Sources */ = {
			isa = PBXSourcesBuildPhase;
			buildActionMask = 2147483647;
			files = (
				FA1150E52316838500D0B1FE /* PeerParkingUITests.swift in Sources */,
			);
			runOnlyForDeploymentPostprocessing = 0;
		};
/* End PBXSourcesBuildPhase section */

/* Begin PBXTargetDependency section */
		FA1150D72316838500D0B1FE /* PBXTargetDependency */ = {
			isa = PBXTargetDependency;
			target = FA1150C02316838400D0B1FE /* PeerParking */;
			targetProxy = FA1150D62316838500D0B1FE /* PBXContainerItemProxy */;
		};
		FA1150E22316838500D0B1FE /* PBXTargetDependency */ = {
			isa = PBXTargetDependency;
			target = FA1150C02316838400D0B1FE /* PeerParking */;
			targetProxy = FA1150E12316838500D0B1FE /* PBXContainerItemProxy */;
		};
/* End PBXTargetDependency section */

/* Begin PBXVariantGroup section */
		FA1150C82316838400D0B1FE /* Main.storyboard */ = {
			isa = PBXVariantGroup;
			children = (
				FA1150C92316838400D0B1FE /* Base */,
			);
			name = Main.storyboard;
			sourceTree = "<group>";
		};
		FA1150CD2316838500D0B1FE /* LaunchScreen.storyboard */ = {
			isa = PBXVariantGroup;
			children = (
				FA1150CE2316838500D0B1FE /* Base */,
			);
			name = LaunchScreen.storyboard;
			sourceTree = "<group>";
		};
/* End PBXVariantGroup section */

/* Begin XCBuildConfiguration section */
		FA1150E72316838500D0B1FE /* Debug */ = {
			isa = XCBuildConfiguration;
			buildSettings = {
				ALWAYS_SEARCH_USER_PATHS = NO;
				CLANG_ANALYZER_NONNULL = YES;
				CLANG_ANALYZER_NUMBER_OBJECT_CONVERSION = YES_AGGRESSIVE;
				CLANG_CXX_LANGUAGE_STANDARD = "gnu++14";
				CLANG_CXX_LIBRARY = "libc++";
				CLANG_ENABLE_MODULES = YES;
				CLANG_ENABLE_OBJC_ARC = YES;
				CLANG_ENABLE_OBJC_WEAK = YES;
				CLANG_WARN_BLOCK_CAPTURE_AUTORELEASING = YES;
				CLANG_WARN_BOOL_CONVERSION = YES;
				CLANG_WARN_COMMA = YES;
				CLANG_WARN_CONSTANT_CONVERSION = YES;
				CLANG_WARN_DEPRECATED_OBJC_IMPLEMENTATIONS = YES;
				CLANG_WARN_DIRECT_OBJC_ISA_USAGE = YES_ERROR;
				CLANG_WARN_DOCUMENTATION_COMMENTS = YES;
				CLANG_WARN_EMPTY_BODY = YES;
				CLANG_WARN_ENUM_CONVERSION = YES;
				CLANG_WARN_INFINITE_RECURSION = YES;
				CLANG_WARN_INT_CONVERSION = YES;
				CLANG_WARN_NON_LITERAL_NULL_CONVERSION = YES;
				CLANG_WARN_OBJC_IMPLICIT_RETAIN_SELF = YES;
				CLANG_WARN_OBJC_LITERAL_CONVERSION = YES;
				CLANG_WARN_OBJC_ROOT_CLASS = YES_ERROR;
				CLANG_WARN_RANGE_LOOP_ANALYSIS = YES;
				CLANG_WARN_STRICT_PROTOTYPES = YES;
				CLANG_WARN_SUSPICIOUS_MOVE = YES;
				CLANG_WARN_UNGUARDED_AVAILABILITY = YES_AGGRESSIVE;
				CLANG_WARN_UNREACHABLE_CODE = YES;
				CLANG_WARN__DUPLICATE_METHOD_MATCH = YES;
				CODE_SIGN_IDENTITY = "iPhone Developer";
				COPY_PHASE_STRIP = NO;
				DEBUG_INFORMATION_FORMAT = dwarf;
				ENABLE_STRICT_OBJC_MSGSEND = YES;
				ENABLE_TESTABILITY = YES;
				GCC_C_LANGUAGE_STANDARD = gnu11;
				GCC_DYNAMIC_NO_PIC = NO;
				GCC_NO_COMMON_BLOCKS = YES;
				GCC_OPTIMIZATION_LEVEL = 0;
				GCC_PREPROCESSOR_DEFINITIONS = (
					"DEBUG=1",
					"$(inherited)",
				);
				GCC_WARN_64_TO_32_BIT_CONVERSION = YES;
				GCC_WARN_ABOUT_RETURN_TYPE = YES_ERROR;
				GCC_WARN_UNDECLARED_SELECTOR = YES;
				GCC_WARN_UNINITIALIZED_AUTOS = YES_AGGRESSIVE;
				GCC_WARN_UNUSED_FUNCTION = YES;
				GCC_WARN_UNUSED_VARIABLE = YES;
				IPHONEOS_DEPLOYMENT_TARGET = 12.2;
				MTL_ENABLE_DEBUG_INFO = INCLUDE_SOURCE;
				MTL_FAST_MATH = YES;
				ONLY_ACTIVE_ARCH = YES;
				SDKROOT = iphoneos;
				SWIFT_ACTIVE_COMPILATION_CONDITIONS = DEBUG;
				SWIFT_OPTIMIZATION_LEVEL = "-Onone";
			};
			name = Debug;
		};
		FA1150E82316838500D0B1FE /* Release */ = {
			isa = XCBuildConfiguration;
			buildSettings = {
				ALWAYS_SEARCH_USER_PATHS = NO;
				CLANG_ANALYZER_NONNULL = YES;
				CLANG_ANALYZER_NUMBER_OBJECT_CONVERSION = YES_AGGRESSIVE;
				CLANG_CXX_LANGUAGE_STANDARD = "gnu++14";
				CLANG_CXX_LIBRARY = "libc++";
				CLANG_ENABLE_MODULES = YES;
				CLANG_ENABLE_OBJC_ARC = YES;
				CLANG_ENABLE_OBJC_WEAK = YES;
				CLANG_WARN_BLOCK_CAPTURE_AUTORELEASING = YES;
				CLANG_WARN_BOOL_CONVERSION = YES;
				CLANG_WARN_COMMA = YES;
				CLANG_WARN_CONSTANT_CONVERSION = YES;
				CLANG_WARN_DEPRECATED_OBJC_IMPLEMENTATIONS = YES;
				CLANG_WARN_DIRECT_OBJC_ISA_USAGE = YES_ERROR;
				CLANG_WARN_DOCUMENTATION_COMMENTS = YES;
				CLANG_WARN_EMPTY_BODY = YES;
				CLANG_WARN_ENUM_CONVERSION = YES;
				CLANG_WARN_INFINITE_RECURSION = YES;
				CLANG_WARN_INT_CONVERSION = YES;
				CLANG_WARN_NON_LITERAL_NULL_CONVERSION = YES;
				CLANG_WARN_OBJC_IMPLICIT_RETAIN_SELF = YES;
				CLANG_WARN_OBJC_LITERAL_CONVERSION = YES;
				CLANG_WARN_OBJC_ROOT_CLASS = YES_ERROR;
				CLANG_WARN_RANGE_LOOP_ANALYSIS = YES;
				CLANG_WARN_STRICT_PROTOTYPES = YES;
				CLANG_WARN_SUSPICIOUS_MOVE = YES;
				CLANG_WARN_UNGUARDED_AVAILABILITY = YES_AGGRESSIVE;
				CLANG_WARN_UNREACHABLE_CODE = YES;
				CLANG_WARN__DUPLICATE_METHOD_MATCH = YES;
				CODE_SIGN_IDENTITY = "iPhone Developer";
				COPY_PHASE_STRIP = NO;
				DEBUG_INFORMATION_FORMAT = "dwarf-with-dsym";
				ENABLE_NS_ASSERTIONS = NO;
				ENABLE_STRICT_OBJC_MSGSEND = YES;
				GCC_C_LANGUAGE_STANDARD = gnu11;
				GCC_NO_COMMON_BLOCKS = YES;
				GCC_WARN_64_TO_32_BIT_CONVERSION = YES;
				GCC_WARN_ABOUT_RETURN_TYPE = YES_ERROR;
				GCC_WARN_UNDECLARED_SELECTOR = YES;
				GCC_WARN_UNINITIALIZED_AUTOS = YES_AGGRESSIVE;
				GCC_WARN_UNUSED_FUNCTION = YES;
				GCC_WARN_UNUSED_VARIABLE = YES;
				IPHONEOS_DEPLOYMENT_TARGET = 12.2;
				MTL_ENABLE_DEBUG_INFO = NO;
				MTL_FAST_MATH = YES;
				SDKROOT = iphoneos;
				SWIFT_COMPILATION_MODE = wholemodule;
				SWIFT_OPTIMIZATION_LEVEL = "-O";
				VALIDATE_PRODUCT = YES;
			};
			name = Release;
		};
		FA1150EA2316838500D0B1FE /* Debug */ = {
			isa = XCBuildConfiguration;
			buildSettings = {
				ASSETCATALOG_COMPILER_APPICON_NAME = AppIcon;
				CODE_SIGN_STYLE = Automatic;
				INFOPLIST_FILE = PeerParking/Info.plist;
				LD_RUNPATH_SEARCH_PATHS = (
					"$(inherited)",
					"@executable_path/Frameworks",
				);
				PRODUCT_BUNDLE_IDENTIFIER = com.fomark.PeerParking;
				PRODUCT_NAME = "$(TARGET_NAME)";
				SWIFT_VERSION = 5.0;
				TARGETED_DEVICE_FAMILY = "1,2";
			};
			name = Debug;
		};
		FA1150EB2316838500D0B1FE /* Release */ = {
			isa = XCBuildConfiguration;
			buildSettings = {
				ASSETCATALOG_COMPILER_APPICON_NAME = AppIcon;
				CODE_SIGN_STYLE = Automatic;
				INFOPLIST_FILE = PeerParking/Info.plist;
				LD_RUNPATH_SEARCH_PATHS = (
					"$(inherited)",
					"@executable_path/Frameworks",
				);
				PRODUCT_BUNDLE_IDENTIFIER = com.fomark.PeerParking;
				PRODUCT_NAME = "$(TARGET_NAME)";
				SWIFT_VERSION = 5.0;
				TARGETED_DEVICE_FAMILY = "1,2";
			};
			name = Release;
		};
		FA1150ED2316838500D0B1FE /* Debug */ = {
			isa = XCBuildConfiguration;
			buildSettings = {
				ALWAYS_EMBED_SWIFT_STANDARD_LIBRARIES = YES;
				BUNDLE_LOADER = "$(TEST_HOST)";
				CODE_SIGN_STYLE = Automatic;
				INFOPLIST_FILE = PeerParkingTests/Info.plist;
				LD_RUNPATH_SEARCH_PATHS = (
					"$(inherited)",
					"@executable_path/Frameworks",
					"@loader_path/Frameworks",
				);
				PRODUCT_BUNDLE_IDENTIFIER = com.fomark.PeerParkingTests;
				PRODUCT_NAME = "$(TARGET_NAME)";
				SWIFT_VERSION = 5.0;
				TARGETED_DEVICE_FAMILY = "1,2";
				TEST_HOST = "$(BUILT_PRODUCTS_DIR)/PeerParking.app/PeerParking";
			};
			name = Debug;
		};
		FA1150EE2316838500D0B1FE /* Release */ = {
			isa = XCBuildConfiguration;
			buildSettings = {
				ALWAYS_EMBED_SWIFT_STANDARD_LIBRARIES = YES;
				BUNDLE_LOADER = "$(TEST_HOST)";
				CODE_SIGN_STYLE = Automatic;
				INFOPLIST_FILE = PeerParkingTests/Info.plist;
				LD_RUNPATH_SEARCH_PATHS = (
					"$(inherited)",
					"@executable_path/Frameworks",
					"@loader_path/Frameworks",
				);
				PRODUCT_BUNDLE_IDENTIFIER = com.fomark.PeerParkingTests;
				PRODUCT_NAME = "$(TARGET_NAME)";
				SWIFT_VERSION = 5.0;
				TARGETED_DEVICE_FAMILY = "1,2";
				TEST_HOST = "$(BUILT_PRODUCTS_DIR)/PeerParking.app/PeerParking";
			};
			name = Release;
		};
		FA1150F02316838500D0B1FE /* Debug */ = {
			isa = XCBuildConfiguration;
			buildSettings = {
				ALWAYS_EMBED_SWIFT_STANDARD_LIBRARIES = YES;
				CODE_SIGN_STYLE = Automatic;
				INFOPLIST_FILE = PeerParkingUITests/Info.plist;
				LD_RUNPATH_SEARCH_PATHS = (
					"$(inherited)",
					"@executable_path/Frameworks",
					"@loader_path/Frameworks",
				);
				PRODUCT_BUNDLE_IDENTIFIER = com.fomark.PeerParkingUITests;
				PRODUCT_NAME = "$(TARGET_NAME)";
				SWIFT_VERSION = 5.0;
				TARGETED_DEVICE_FAMILY = "1,2";
				TEST_TARGET_NAME = PeerParking;
			};
			name = Debug;
		};
		FA1150F12316838500D0B1FE /* Release */ = {
			isa = XCBuildConfiguration;
			buildSettings = {
				ALWAYS_EMBED_SWIFT_STANDARD_LIBRARIES = YES;
				CODE_SIGN_STYLE = Automatic;
				INFOPLIST_FILE = PeerParkingUITests/Info.plist;
				LD_RUNPATH_SEARCH_PATHS = (
					"$(inherited)",
					"@executable_path/Frameworks",
					"@loader_path/Frameworks",
				);
				PRODUCT_BUNDLE_IDENTIFIER = com.fomark.PeerParkingUITests;
				PRODUCT_NAME = "$(TARGET_NAME)";
				SWIFT_VERSION = 5.0;
				TARGETED_DEVICE_FAMILY = "1,2";
				TEST_TARGET_NAME = PeerParking;
			};
			name = Release;
		};
/* End XCBuildConfiguration section */

/* Begin XCConfigurationList section */
		FA1150BC2316838400D0B1FE /* Build configuration list for PBXProject "PeerParking" */ = {
			isa = XCConfigurationList;
			buildConfigurations = (
				FA1150E72316838500D0B1FE /* Debug */,
				FA1150E82316838500D0B1FE /* Release */,
			);
			defaultConfigurationIsVisible = 0;
			defaultConfigurationName = Release;
		};
		FA1150E92316838500D0B1FE /* Build configuration list for PBXNativeTarget "PeerParking" */ = {
			isa = XCConfigurationList;
			buildConfigurations = (
				FA1150EA2316838500D0B1FE /* Debug */,
				FA1150EB2316838500D0B1FE /* Release */,
			);
			defaultConfigurationIsVisible = 0;
			defaultConfigurationName = Release;
		};
		FA1150EC2316838500D0B1FE /* Build configuration list for PBXNativeTarget "PeerParkingTests" */ = {
			isa = XCConfigurationList;
			buildConfigurations = (
				FA1150ED2316838500D0B1FE /* Debug */,
				FA1150EE2316838500D0B1FE /* Release */,
			);
			defaultConfigurationIsVisible = 0;
			defaultConfigurationName = Release;
		};
		FA1150EF2316838500D0B1FE /* Build configuration list for PBXNativeTarget "PeerParkingUITests" */ = {
			isa = XCConfigurationList;
			buildConfigurations = (
				FA1150F02316838500D0B1FE /* Debug */,
				FA1150F12316838500D0B1FE /* Release */,
			);
			defaultConfigurationIsVisible = 0;
			defaultConfigurationName = Release;
		};
/* End XCConfigurationList section */
	};
	rootObject = FA1150B92316838400D0B1FE /* Project object */;
}
